// !$*UTF8*$!
{
	archiveVersion = 1;
	classes = {
	};
	objectVersion = 50;
	objects = {

/* Begin PBXBuildFile section */
		06AA772225DE01ED001D9355 /* todo_listApp.swift in Sources */ = {isa = PBXBuildFile; fileRef = 06AA772125DE01ED001D9355 /* todo_listApp.swift */; };
		06AA772425DE01ED001D9355 /* ContentView.swift in Sources */ = {isa = PBXBuildFile; fileRef = 06AA772325DE01ED001D9355 /* ContentView.swift */; };
		06AA772625DE01EF001D9355 /* Assets.xcassets in Resources */ = {isa = PBXBuildFile; fileRef = 06AA772525DE01EF001D9355 /* Assets.xcassets */; };
		06AA772925DE01EF001D9355 /* Preview Assets.xcassets in Resources */ = {isa = PBXBuildFile; fileRef = 06AA772825DE01EF001D9355 /* Preview Assets.xcassets */; };
		06AA773425DE01EF001D9355 /* todo_listTests.swift in Sources */ = {isa = PBXBuildFile; fileRef = 06AA773325DE01EF001D9355 /* todo_listTests.swift */; };
		06AA773F25DE01EF001D9355 /* todo_listUITests.swift in Sources */ = {isa = PBXBuildFile; fileRef = 06AA773E25DE01EF001D9355 /* todo_listUITests.swift */; };
		06AA775025DE135B001D9355 /* userdata.swift in Sources */ = {isa = PBXBuildFile; fileRef = 06AA774F25DE135B001D9355 /* userdata.swift */; };
		06AA775525DE612C001D9355 /* controller.swift in Sources */ = {isa = PBXBuildFile; fileRef = 06AA775425DE612C001D9355 /* controller.swift */; };
		06AA775D25DE6396001D9355 /* editview.swift in Sources */ = {isa = PBXBuildFile; fileRef = 06AA775C25DE6396001D9355 /* editview.swift */; };
/* End PBXBuildFile section */

/* Begin PBXContainerItemProxy section */
		06AA773025DE01EF001D9355 /* PBXContainerItemProxy */ = {
			isa = PBXContainerItemProxy;
			containerPortal = 06AA771625DE01ED001D9355 /* Project object */;
			proxyType = 1;
			remoteGlobalIDString = 06AA771D25DE01ED001D9355;
			remoteInfo = todo_list;
		};
		06AA773B25DE01EF001D9355 /* PBXContainerItemProxy */ = {
			isa = PBXContainerItemProxy;
			containerPortal = 06AA771625DE01ED001D9355 /* Project object */;
			proxyType = 1;
			remoteGlobalIDString = 06AA771D25DE01ED001D9355;
			remoteInfo = todo_list;
		};
/* End PBXContainerItemProxy section */

/* Begin PBXFileReference section */
		06AA771E25DE01ED001D9355 /* todo_list.app */ = {isa = PBXFileReference; explicitFileType = wrapper.application; includeInIndex = 0; path = todo_list.app; sourceTree = BUILT_PRODUCTS_DIR; };
		06AA772125DE01ED001D9355 /* todo_listApp.swift */ = {isa = PBXFileReference; lastKnownFileType = sourcecode.swift; path = todo_listApp.swift; sourceTree = "<group>"; };
		06AA772325DE01ED001D9355 /* ContentView.swift */ = {isa = PBXFileReference; lastKnownFileType = sourcecode.swift; path = ContentView.swift; sourceTree = "<group>"; };
		06AA772525DE01EF001D9355 /* Assets.xcassets */ = {isa = PBXFileReference; lastKnownFileType = folder.assetcatalog; path = Assets.xcassets; sourceTree = "<group>"; };
		06AA772825DE01EF001D9355 /* Preview Assets.xcassets */ = {isa = PBXFileReference; lastKnownFileType = folder.assetcatalog; path = "Preview Assets.xcassets"; sourceTree = "<group>"; };
		06AA772A25DE01EF001D9355 /* Info.plist */ = {isa = PBXFileReference; lastKnownFileType = text.plist.xml; path = Info.plist; sourceTree = "<group>"; };
		06AA772F25DE01EF001D9355 /* todo_listTests.xctest */ = {isa = PBXFileReference; explicitFileType = wrapper.cfbundle; includeInIndex = 0; path = todo_listTests.xctest; sourceTree = BUILT_PRODUCTS_DIR; };
		06AA773325DE01EF001D9355 /* todo_listTests.swift */ = {isa = PBXFileReference; lastKnownFileType = sourcecode.swift; path = todo_listTests.swift; sourceTree = "<group>"; };
		06AA773525DE01EF001D9355 /* Info.plist */ = {isa = PBXFileReference; lastKnownFileType = text.plist.xml; path = Info.plist; sourceTree = "<group>"; };
		06AA773A25DE01EF001D9355 /* todo_listUITests.xctest */ = {isa = PBXFileReference; explicitFileType = wrapper.cfbundle; includeInIndex = 0; path = todo_listUITests.xctest; sourceTree = BUILT_PRODUCTS_DIR; };
		06AA773E25DE01EF001D9355 /* todo_listUITests.swift */ = {isa = PBXFileReference; lastKnownFileType = sourcecode.swift; path = todo_listUITests.swift; sourceTree = "<group>"; };
		06AA774025DE01EF001D9355 /* Info.plist */ = {isa = PBXFileReference; lastKnownFileType = text.plist.xml; path = Info.plist; sourceTree = "<group>"; };
		06AA774F25DE135B001D9355 /* userdata.swift */ = {isa = PBXFileReference; lastKnownFileType = sourcecode.swift; path = userdata.swift; sourceTree = "<group>"; };
		06AA775425DE612C001D9355 /* controller.swift */ = {isa = PBXFileReference; lastKnownFileType = sourcecode.swift; path = controller.swift; sourceTree = "<group>"; };
		06AA775C25DE6396001D9355 /* editview.swift */ = {isa = PBXFileReference; lastKnownFileType = sourcecode.swift; path = editview.swift; sourceTree = "<group>"; };
/* End PBXFileReference section */

/* Begin PBXFrameworksBuildPhase section */
		06AA771B25DE01ED001D9355 /* Frameworks */ = {
			isa = PBXFrameworksBuildPhase;
			buildActionMask = 2147483647;
			files = (
			);
			runOnlyForDeploymentPostprocessing = 0;
		};
		06AA772C25DE01EF001D9355 /* Frameworks */ = {
			isa = PBXFrameworksBuildPhase;
			buildActionMask = 2147483647;
			files = (
			);
			runOnlyForDeploymentPostprocessing = 0;
		};
		06AA773725DE01EF001D9355 /* Frameworks */ = {
			isa = PBXFrameworksBuildPhase;
			buildActionMask = 2147483647;
			files = (
			);
			runOnlyForDeploymentPostprocessing = 0;
		};
/* End PBXFrameworksBuildPhase section */

/* Begin PBXGroup section */
		06AA771525DE01ED001D9355 = {
			isa = PBXGroup;
			children = (
				06AA772025DE01ED001D9355 /* todo_list */,
				06AA773225DE01EF001D9355 /* todo_listTests */,
				06AA773D25DE01EF001D9355 /* todo_listUITests */,
				06AA771F25DE01ED001D9355 /* Products */,
			);
			sourceTree = "<group>";
		};
		06AA771F25DE01ED001D9355 /* Products */ = {
			isa = PBXGroup;
			children = (
				06AA771E25DE01ED001D9355 /* todo_list.app */,
				06AA772F25DE01EF001D9355 /* todo_listTests.xctest */,
				06AA773A25DE01EF001D9355 /* todo_listUITests.xctest */,
			);
			name = Products;
			sourceTree = "<group>";
		};
		06AA772025DE01ED001D9355 /* todo_list */ = {
			isa = PBXGroup;
			children = (
				06AA776625DE63C1001D9355 /* controller */,
				06AA776525DE63B4001D9355 /* model */,
				06AA776425DE63A4001D9355 /* view */,
				06AA772525DE01EF001D9355 /* Assets.xcassets */,
				06AA772A25DE01EF001D9355 /* Info.plist */,
				06AA772725DE01EF001D9355 /* Preview Content */,
			);
			path = todo_list;
			sourceTree = "<group>";
		};
		06AA772725DE01EF001D9355 /* Preview Content */ = {
			isa = PBXGroup;
			children = (
				06AA772825DE01EF001D9355 /* Preview Assets.xcassets */,
			);
			path = "Preview Content";
			sourceTree = "<group>";
		};
		06AA773225DE01EF001D9355 /* todo_listTests */ = {
			isa = PBXGroup;
			children = (
				06AA773325DE01EF001D9355 /* todo_listTests.swift */,
				06AA773525DE01EF001D9355 /* Info.plist */,
			);
			path = todo_listTests;
			sourceTree = "<group>";
		};
		06AA773D25DE01EF001D9355 /* todo_listUITests */ = {
			isa = PBXGroup;
			children = (
				06AA773E25DE01EF001D9355 /* todo_listUITests.swift */,
				06AA774025DE01EF001D9355 /* Info.plist */,
			);
			path = todo_listUITests;
			sourceTree = "<group>";
		};
		06AA776425DE63A4001D9355 /* view */ = {
			isa = PBXGroup;
			children = (
				06AA772125DE01ED001D9355 /* todo_listApp.swift */,
				06AA772325DE01ED001D9355 /* ContentView.swift */,
				06AA775C25DE6396001D9355 /* editview.swift */,
			);
			path = view;
			sourceTree = "<group>";
		};
		06AA776525DE63B4001D9355 /* model */ = {
			isa = PBXGroup;
			children = (
				06AA774F25DE135B001D9355 /* userdata.swift */,
			);
			path = model;
			sourceTree = "<group>";
		};
		06AA776625DE63C1001D9355 /* controller */ = {
			isa = PBXGroup;
			children = (
				06AA775425DE612C001D9355 /* controller.swift */,
			);
			path = controller;
			sourceTree = "<group>";
		};
/* End PBXGroup section */

/* Begin PBXNativeTarget section */
		06AA771D25DE01ED001D9355 /* todo_list */ = {
			isa = PBXNativeTarget;
			buildConfigurationList = 06AA774325DE01EF001D9355 /* Build configuration list for PBXNativeTarget "todo_list" */;
			buildPhases = (
				06AA771A25DE01ED001D9355 /* Sources */,
				06AA771B25DE01ED001D9355 /* Frameworks */,
				06AA771C25DE01ED001D9355 /* Resources */,
			);
			buildRules = (
			);
			dependencies = (
			);
			name = todo_list;
			productName = todo_list;
			productReference = 06AA771E25DE01ED001D9355 /* todo_list.app */;
			productType = "com.apple.product-type.application";
		};
		06AA772E25DE01EF001D9355 /* todo_listTests */ = {
			isa = PBXNativeTarget;
			buildConfigurationList = 06AA774625DE01EF001D9355 /* Build configuration list for PBXNativeTarget "todo_listTests" */;
			buildPhases = (
				06AA772B25DE01EF001D9355 /* Sources */,
				06AA772C25DE01EF001D9355 /* Frameworks */,
				06AA772D25DE01EF001D9355 /* Resources */,
			);
			buildRules = (
			);
			dependencies = (
				06AA773125DE01EF001D9355 /* PBXTargetDependency */,
			);
			name = todo_listTests;
			productName = todo_listTests;
			productReference = 06AA772F25DE01EF001D9355 /* todo_listTests.xctest */;
			productType = "com.apple.product-type.bundle.unit-test";
		};
		06AA773925DE01EF001D9355 /* todo_listUITests */ = {
			isa = PBXNativeTarget;
			buildConfigurationList = 06AA774925DE01EF001D9355 /* Build configuration list for PBXNativeTarget "todo_listUITests" */;
			buildPhases = (
				06AA773625DE01EF001D9355 /* Sources */,
				06AA773725DE01EF001D9355 /* Frameworks */,
				06AA773825DE01EF001D9355 /* Resources */,
			);
			buildRules = (
			);
			dependencies = (
				06AA773C25DE01EF001D9355 /* PBXTargetDependency */,
			);
			name = todo_listUITests;
			productName = todo_listUITests;
			productReference = 06AA773A25DE01EF001D9355 /* todo_listUITests.xctest */;
			productType = "com.apple.product-type.bundle.ui-testing";
		};
/* End PBXNativeTarget section */

/* Begin PBXProject section */
		06AA771625DE01ED001D9355 /* Project object */ = {
			isa = PBXProject;
			attributes = {
				LastSwiftUpdateCheck = 1210;
				LastUpgradeCheck = 1210;
				TargetAttributes = {
					06AA771D25DE01ED001D9355 = {
						CreatedOnToolsVersion = 12.1;
					};
					06AA772E25DE01EF001D9355 = {
						CreatedOnToolsVersion = 12.1;
						TestTargetID = 06AA771D25DE01ED001D9355;
					};
					06AA773925DE01EF001D9355 = {
						CreatedOnToolsVersion = 12.1;
						TestTargetID = 06AA771D25DE01ED001D9355;
					};
				};
			};
			buildConfigurationList = 06AA771925DE01ED001D9355 /* Build configuration list for PBXProject "todo_list" */;
			compatibilityVersion = "Xcode 9.3";
			developmentRegion = en;
			hasScannedForEncodings = 0;
			knownRegions = (
				en,
				Base,
			);
			mainGroup = 06AA771525DE01ED001D9355;
			productRefGroup = 06AA771F25DE01ED001D9355 /* Products */;
			projectDirPath = "";
			projectRoot = "";
			targets = (
				06AA771D25DE01ED001D9355 /* todo_list */,
				06AA772E25DE01EF001D9355 /* todo_listTests */,
				06AA773925DE01EF001D9355 /* todo_listUITests */,
			);
		};
/* End PBXProject section */

/* Begin PBXResourcesBuildPhase section */
		06AA771C25DE01ED001D9355 /* Resources */ = {
			isa = PBXResourcesBuildPhase;
			buildActionMask = 2147483647;
			files = (
				06AA772925DE01EF001D9355 /* Preview Assets.xcassets in Resources */,
				06AA772625DE01EF001D9355 /* Assets.xcassets in Resources */,
			);
			runOnlyForDeploymentPostprocessing = 0;
		};
		06AA772D25DE01EF001D9355 /* Resources */ = {
			isa = PBXResourcesBuildPhase;
			buildActionMask = 2147483647;
			files = (
			);
			runOnlyForDeploymentPostprocessing = 0;
		};
		06AA773825DE01EF001D9355 /* Resources */ = {
			isa = PBXResourcesBuildPhase;
			buildActionMask = 2147483647;
			files = (
			);
			runOnlyForDeploymentPostprocessing = 0;
		};
/* End PBXResourcesBuildPhase section */

/* Begin PBXSourcesBuildPhase section */
		06AA771A25DE01ED001D9355 /* Sources */ = {
			isa = PBXSourcesBuildPhase;
			buildActionMask = 2147483647;
			files = (
				06AA772425DE01ED001D9355 /* ContentView.swift in Sources */,
				06AA775025DE135B001D9355 /* userdata.swift in Sources */,
				06AA772225DE01ED001D9355 /* todo_listApp.swift in Sources */,
				06AA775525DE612C001D9355 /* controller.swift in Sources */,
				06AA775D25DE6396001D9355 /* editview.swift in Sources */,
			);
			runOnlyForDeploymentPostprocessing = 0;
		};
		06AA772B25DE01EF001D9355 /* Sources */ = {
			isa = PBXSourcesBuildPhase;
			buildActionMask = 2147483647;
			files = (
				06AA773425DE01EF001D9355 /* todo_listTests.swift in Sources */,
			);
			runOnlyForDeploymentPostprocessing = 0;
		};
		06AA773625DE01EF001D9355 /* Sources */ = {
			isa = PBXSourcesBuildPhase;
			buildActionMask = 2147483647;
			files = (
				06AA773F25DE01EF001D9355 /* todo_listUITests.swift in Sources */,
			);
			runOnlyForDeploymentPostprocessing = 0;
		};
/* End PBXSourcesBuildPhase section */

/* Begin PBXTargetDependency section */
		06AA773125DE01EF001D9355 /* PBXTargetDependency */ = {
			isa = PBXTargetDependency;
			target = 06AA771D25DE01ED001D9355 /* todo_list */;
			targetProxy = 06AA773025DE01EF001D9355 /* PBXContainerItemProxy */;
		};
		06AA773C25DE01EF001D9355 /* PBXTargetDependency */ = {
			isa = PBXTargetDependency;
			target = 06AA771D25DE01ED001D9355 /* todo_list */;
			targetProxy = 06AA773B25DE01EF001D9355 /* PBXContainerItemProxy */;
		};
/* End PBXTargetDependency section */

/* Begin XCBuildConfiguration section */
		06AA774125DE01EF001D9355 /* Debug */ = {
			isa = XCBuildConfiguration;
			buildSettings = {
				ALWAYS_SEARCH_USER_PATHS = NO;
				CLANG_ANALYZER_NONNULL = YES;
				CLANG_ANALYZER_NUMBER_OBJECT_CONVERSION = YES_AGGRESSIVE;
				CLANG_CXX_LANGUAGE_STANDARD = "gnu++14";
				CLANG_CXX_LIBRARY = "libc++";
				CLANG_ENABLE_MODULES = YES;
				CLANG_ENABLE_OBJC_ARC = YES;
				CLANG_ENABLE_OBJC_WEAK = YES;
				CLANG_WARN_BLOCK_CAPTURE_AUTORELEASING = YES;
				CLANG_WARN_BOOL_CONVERSION = YES;
				CLANG_WARN_COMMA = YES;
				CLANG_WARN_CONSTANT_CONVERSION = YES;
				CLANG_WARN_DEPRECATED_OBJC_IMPLEMENTATIONS = YES;
				CLANG_WARN_DIRECT_OBJC_ISA_USAGE = YES_ERROR;
				CLANG_WARN_DOCUMENTATION_COMMENTS = YES;
				CLANG_WARN_EMPTY_BODY = YES;
				CLANG_WARN_ENUM_CONVERSION = YES;
				CLANG_WARN_INFINITE_RECURSION = YES;
				CLANG_WARN_INT_CONVERSION = YES;
				CLANG_WARN_NON_LITERAL_NULL_CONVERSION = YES;
				CLANG_WARN_OBJC_IMPLICIT_RETAIN_SELF = YES;
				CLANG_WARN_OBJC_LITERAL_CONVERSION = YES;
				CLANG_WARN_OBJC_ROOT_CLASS = YES_ERROR;
				CLANG_WARN_QUOTED_INCLUDE_IN_FRAMEWORK_HEADER = YES;
				CLANG_WARN_RANGE_LOOP_ANALYSIS = YES;
				CLANG_WARN_STRICT_PROTOTYPES = YES;
				CLANG_WARN_SUSPICIOUS_MOVE = YES;
				CLANG_WARN_UNGUARDED_AVAILABILITY = YES_AGGRESSIVE;
				CLANG_WARN_UNREACHABLE_CODE = YES;
				CLANG_WARN__DUPLICATE_METHOD_MATCH = YES;
				COPY_PHASE_STRIP = NO;
				DEBUG_INFORMATION_FORMAT = dwarf;
				ENABLE_STRICT_OBJC_MSGSEND = YES;
				ENABLE_TESTABILITY = YES;
				GCC_C_LANGUAGE_STANDARD = gnu11;
				GCC_DYNAMIC_NO_PIC = NO;
				GCC_NO_COMMON_BLOCKS = YES;
				GCC_OPTIMIZATION_LEVEL = 0;
				GCC_PREPROCESSOR_DEFINITIONS = (
					"DEBUG=1",
					"$(inherited)",
				);
				GCC_WARN_64_TO_32_BIT_CONVERSION = YES;
				GCC_WARN_ABOUT_RETURN_TYPE = YES_ERROR;
				GCC_WARN_UNDECLARED_SELECTOR = YES;
				GCC_WARN_UNINITIALIZED_AUTOS = YES_AGGRESSIVE;
				GCC_WARN_UNUSED_FUNCTION = YES;
				GCC_WARN_UNUSED_VARIABLE = YES;
				IPHONEOS_DEPLOYMENT_TARGET = 14.1;
				MTL_ENABLE_DEBUG_INFO = INCLUDE_SOURCE;
				MTL_FAST_MATH = YES;
				ONLY_ACTIVE_ARCH = YES;
				SDKROOT = iphoneos;
				SWIFT_ACTIVE_COMPILATION_CONDITIONS = DEBUG;
				SWIFT_OPTIMIZATION_LEVEL = "-Onone";
			};
			name = Debug;
		};
		06AA774225DE01EF001D9355 /* Release */ = {
			isa = XCBuildConfiguration;
			buildSettings = {
				ALWAYS_SEARCH_USER_PATHS = NO;
				CLANG_ANALYZER_NONNULL = YES;
				CLANG_ANALYZER_NUMBER_OBJECT_CONVERSION = YES_AGGRESSIVE;
				CLANG_CXX_LANGUAGE_STANDARD = "gnu++14";
				CLANG_CXX_LIBRARY = "libc++";
				CLANG_ENABLE_MODULES = YES;
				CLANG_ENABLE_OBJC_ARC = YES;
				CLANG_ENABLE_OBJC_WEAK = YES;
				CLANG_WARN_BLOCK_CAPTURE_AUTORELEASING = YES;
				CLANG_WARN_BOOL_CONVERSION = YES;
				CLANG_WARN_COMMA = YES;
				CLANG_WARN_CONSTANT_CONVERSION = YES;
				CLANG_WARN_DEPRECATED_OBJC_IMPLEMENTATIONS = YES;
				CLANG_WARN_DIRECT_OBJC_ISA_USAGE = YES_ERROR;
				CLANG_WARN_DOCUMENTATION_COMMENTS = YES;
				CLANG_WARN_EMPTY_BODY = YES;
				CLANG_WARN_ENUM_CONVERSION = YES;
				CLANG_WARN_INFINITE_RECURSION = YES;
				CLANG_WARN_INT_CONVERSION = YES;
				CLANG_WARN_NON_LITERAL_NULL_CONVERSION = YES;
				CLANG_WARN_OBJC_IMPLICIT_RETAIN_SELF = YES;
				CLANG_WARN_OBJC_LITERAL_CONVERSION = YES;
				CLANG_WARN_OBJC_ROOT_CLASS = YES_ERROR;
				CLANG_WARN_QUOTED_INCLUDE_IN_FRAMEWORK_HEADER = YES;
				CLANG_WARN_RANGE_LOOP_ANALYSIS = YES;
				CLANG_WARN_STRICT_PROTOTYPES = YES;
				CLANG_WARN_SUSPICIOUS_MOVE = YES;
				CLANG_WARN_UNGUARDED_AVAILABILITY = YES_AGGRESSIVE;
				CLANG_WARN_UNREACHABLE_CODE = YES;
				CLANG_WARN__DUPLICATE_METHOD_MATCH = YES;
				COPY_PHASE_STRIP = NO;
				DEBUG_INFORMATION_FORMAT = "dwarf-with-dsym";
				ENABLE_NS_ASSERTIONS = NO;
				ENABLE_STRICT_OBJC_MSGSEND = YES;
				GCC_C_LANGUAGE_STANDARD = gnu11;
				GCC_NO_COMMON_BLOCKS = YES;
				GCC_WARN_64_TO_32_BIT_CONVERSION = YES;
				GCC_WARN_ABOUT_RETURN_TYPE = YES_ERROR;
				GCC_WARN_UNDECLARED_SELECTOR = YES;
				GCC_WARN_UNINITIALIZED_AUTOS = YES_AGGRESSIVE;
				GCC_WARN_UNUSED_FUNCTION = YES;
				GCC_WARN_UNUSED_VARIABLE = YES;
				IPHONEOS_DEPLOYMENT_TARGET = 14.1;
				MTL_ENABLE_DEBUG_INFO = NO;
				MTL_FAST_MATH = YES;
				SDKROOT = iphoneos;
				SWIFT_COMPILATION_MODE = wholemodule;
				SWIFT_OPTIMIZATION_LEVEL = "-O";
				VALIDATE_PRODUCT = YES;
			};
			name = Release;
		};
		06AA774425DE01EF001D9355 /* Debug */ = {
			isa = XCBuildConfiguration;
			buildSettings = {
				ASSETCATALOG_COMPILER_APPICON_NAME = AppIcon;
				ASSETCATALOG_COMPILER_GLOBAL_ACCENT_COLOR_NAME = AccentColor;
				CODE_SIGN_STYLE = Automatic;
				DEVELOPMENT_ASSET_PATHS = "\"todo_list/Preview Content\"";
				DEVELOPMENT_TEAM = FD7Y3YF54A;
				ENABLE_PREVIEWS = YES;
				INFOPLIST_FILE = todo_list/Info.plist;
				IPHONEOS_DEPLOYMENT_TARGET = 14.0;
				LD_RUNPATH_SEARCH_PATHS = (
					"$(inherited)",
					"@executable_path/Frameworks",
				);
				PRODUCT_BUNDLE_IDENTIFIER = "com.hzy.todo-list";
				PRODUCT_NAME = "$(TARGET_NAME)";
				SWIFT_VERSION = 5.0;
				TARGETED_DEVICE_FAMILY = "1,2";
			};
			name = Debug;
		};
		06AA774525DE01EF001D9355 /* Release */ = {
			isa = XCBuildConfiguration;
			buildSettings = {
				ASSETCATALOG_COMPILER_APPICON_NAME = AppIcon;
				ASSETCATALOG_COMPILER_GLOBAL_ACCENT_COLOR_NAME = AccentColor;
				CODE_SIGN_STYLE = Automatic;
				DEVELOPMENT_ASSET_PATHS = "\"todo_list/Preview Content\"";
				DEVELOPMENT_TEAM = FD7Y3YF54A;
				ENABLE_PREVIEWS = YES;
				INFOPLIST_FILE = todo_list/Info.plist;
				IPHONEOS_DEPLOYMENT_TARGET = 14.0;
				LD_RUNPATH_SEARCH_PATHS = (
					"$(inherited)",
					"@executable_path/Frameworks",
				);
				PRODUCT_BUNDLE_IDENTIFIER = "com.hzy.todo-list";
				PRODUCT_NAME = "$(TARGET_NAME)";
				SWIFT_VERSION = 5.0;
				TARGETED_DEVICE_FAMILY = "1,2";
			};
			name = Release;
		};
		06AA774725DE01EF001D9355 /* Debug */ = {
			isa = XCBuildConfiguration;
			buildSettings = {
				ALWAYS_EMBED_SWIFT_STANDARD_LIBRARIES = YES;
				BUNDLE_LOADER = "$(TEST_HOST)";
				CODE_SIGN_STYLE = Automatic;
				DEVELOPMENT_TEAM = FD7Y3YF54A;
				INFOPLIST_FILE = todo_listTests/Info.plist;
				IPHONEOS_DEPLOYMENT_TARGET = 14.0;
				LD_RUNPATH_SEARCH_PATHS = (
					"$(inherited)",
					"@executable_path/Frameworks",
					"@loader_path/Frameworks",
				);
				PRODUCT_BUNDLE_IDENTIFIER = "com.hzy.todo-listTests";
				PRODUCT_NAME = "$(TARGET_NAME)";
				SWIFT_VERSION = 5.0;
				TARGETED_DEVICE_FAMILY = "1,2";
				TEST_HOST = "$(BUILT_PRODUCTS_DIR)/todo_list.app/todo_list";
			};
			name = Debug;
		};
		06AA774825DE01EF001D9355 /* Release */ = {
			isa = XCBuildConfiguration;
			buildSettings = {
				ALWAYS_EMBED_SWIFT_STANDARD_LIBRARIES = YES;
				BUNDLE_LOADER = "$(TEST_HOST)";
				CODE_SIGN_STYLE = Automatic;
				DEVELOPMENT_TEAM = FD7Y3YF54A;
				INFOPLIST_FILE = todo_listTests/Info.plist;
				IPHONEOS_DEPLOYMENT_TARGET = 14.0;
				LD_RUNPATH_SEARCH_PATHS = (
					"$(inherited)",
					"@executable_path/Frameworks",
					"@loader_path/Frameworks",
				);
				PRODUCT_BUNDLE_IDENTIFIER = "com.hzy.todo-listTests";
				PRODUCT_NAME = "$(TARGET_NAME)";
				SWIFT_VERSION = 5.0;
				TARGETED_DEVICE_FAMILY = "1,2";
				TEST_HOST = "$(BUILT_PRODUCTS_DIR)/todo_list.app/todo_list";
			};
			name = Release;
		};
		06AA774A25DE01EF001D9355 /* Debug */ = {
			isa = XCBuildConfiguration;
			buildSettings = {
				ALWAYS_EMBED_SWIFT_STANDARD_LIBRARIES = YES;
				CODE_SIGN_STYLE = Automatic;
				DEVELOPMENT_TEAM = FD7Y3YF54A;
				INFOPLIST_FILE = todo_listUITests/Info.plist;
				LD_RUNPATH_SEARCH_PATHS = (
					"$(inherited)",
					"@executable_path/Frameworks",
					"@loader_path/Frameworks",
				);
				PRODUCT_BUNDLE_IDENTIFIER = "com.hzy.todo-listUITests";
				PRODUCT_NAME = "$(TARGET_NAME)";
				SWIFT_VERSION = 5.0;
				TARGETED_DEVICE_FAMILY = "1,2";
				TEST_TARGET_NAME = todo_list;
			};
			name = Debug;
		};
		06AA774B25DE01EF001D9355 /* Release */ = {
			isa = XCBuildConfiguration;
			buildSettings = {
				ALWAYS_EMBED_SWIFT_STANDARD_LIBRARIES = YES;
				CODE_SIGN_STYLE = Automatic;
				DEVELOPMENT_TEAM = FD7Y3YF54A;
				INFOPLIST_FILE = todo_listUITests/Info.plist;
				LD_RUNPATH_SEARCH_PATHS = (
					"$(inherited)",
					"@executable_path/Frameworks",
					"@loader_path/Frameworks",
				);
				PRODUCT_BUNDLE_IDENTIFIER = "com.hzy.todo-listUITests";
				PRODUCT_NAME = "$(TARGET_NAME)";
				SWIFT_VERSION = 5.0;
				TARGETED_DEVICE_FAMILY = "1,2";
				TEST_TARGET_NAME = todo_list;
			};
			name = Release;
		};
/* End XCBuildConfiguration section */

/* Begin XCConfigurationList section */
		06AA771925DE01ED001D9355 /* Build configuration list for PBXProject "todo_list" */ = {
			isa = XCConfigurationList;
			buildConfigurations = (
				06AA774125DE01EF001D9355 /* Debug */,
				06AA774225DE01EF001D9355 /* Release */,
			);
			defaultConfigurationIsVisible = 0;
			defaultConfigurationName = Release;
		};
		06AA774325DE01EF001D9355 /* Build configuration list for PBXNativeTarget "todo_list" */ = {
			isa = XCConfigurationList;
			buildConfigurations = (
				06AA774425DE01EF001D9355 /* Debug */,
				06AA774525DE01EF001D9355 /* Release */,
			);
			defaultConfigurationIsVisible = 0;
			defaultConfigurationName = Release;
		};
		06AA774625DE01EF001D9355 /* Build configuration list for PBXNativeTarget "todo_listTests" */ = {
			isa = XCConfigurationList;
			buildConfigurations = (
				06AA774725DE01EF001D9355 /* Debug */,
				06AA774825DE01EF001D9355 /* Release */,
			);
			defaultConfigurationIsVisible = 0;
			defaultConfigurationName = Release;
		};
		06AA774925DE01EF001D9355 /* Build configuration list for PBXNativeTarget "todo_listUITests" */ = {
			isa = XCConfigurationList;
			buildConfigurations = (
				06AA774A25DE01EF001D9355 /* Debug */,
				06AA774B25DE01EF001D9355 /* Release */,
			);
			defaultConfigurationIsVisible = 0;
			defaultConfigurationName = Release;
		};
/* End XCConfigurationList section */
	};
	rootObject = 06AA771625DE01ED001D9355 /* Project object */;
}
